github.com/drhodes/golorem v0.0.0-20220328165741-da82e5b29246 h1:m0+1paUpmLlBpUxldAEvJZVCrNQpt2iyecCw4TdHdOc=
github.com/drhodes/golorem v0.0.0-20220328165741-da82e5b29246/go.mod h1:NsKVpF4h4j13Vm6Cx7Kf0V03aJKjfaStvm5rvK4+FyQ=
github.com/fxtlabs/primes v0.0.0-20150821004651-dad82d10a449 h1:HOYnhuVrhAVGKdg3rZapII640so7QfXQmkLkefUN/uM=
github.com/fxtlabs/primes v0.0.0-20150821004651-dad82d10a449/go.mod h1:i+vbdOOivRRh2j+WwBkjZXloGN/+KAqfKDwNfUJeugc=
golang.org/x/exp v0.0.0-20230425010034-47ecfdc1ba53 h1:5llv2sWeaMSnA3w2kS57ouQQ4pudlXrR0dCgw51QK9o=
golang.org/x/exp v0.0.0-20230425010034-47ecfdc1ba53/go.mod h1:V1LtkGg67GoY2N1AnLN78QLrzxkLyJw7RJb1gzOOz9w=
